
Microsoft Visual Studio Solution File, Format Version 12.00
# Visual Studio Version 17
VisualStudioVersion = 17.4.33110.190
MinimumVisualStudioVersion = 10.0.40219.1
Project("{FAE04EC0-301F-11D3-BF4B-00C04F79EFBC}") = "Lab13", "Lab13\Lab13.csproj", "{C113BA53-71F3-4285-8B0F-1927B5918ADE}"
EndProject
Global
	GlobalSection(SolutionConfigurationPlatforms) = preSolution
		Debug|Any CPU = Debug|Any CPU
		Release|Any CPU = Release|Any CPU
	EndGlobalSection
	GlobalSection(ProjectConfigurationPlatforms) = postSolution
		{C113BA53-71F3-4285-8B0F-1927B5918ADE}.Debug|Any CPU.ActiveCfg = Debug|Any CPU
		{C113BA53-71F3-4285-8B0F-1927B5918ADE}.Debug|Any CPU.Build.0 = Debug|Any CPU
		{C113BA53-71F3-4285-8B0F-1927B5918ADE}.Release|Any CPU.ActiveCfg = Release|Any CPU
		{C113BA53-71F3-4285-8B0F-1927B5918ADE}.Release|Any CPU.Build.0 = Release|Any CPU
	EndGlobalSection
	GlobalSection(SolutionProperties) = preSolution
		HideSolutionNode = FALSE
	EndGlobalSection
	GlobalSection(ExtensibilityGlobals) = postSolution
		SolutionGuid = {9C43C246-2EE0-4BE5-A7F1-E992EAA55770}
	EndGlobalSection
EndGlobal
